# This file is automatically @generated by Wally.
# It is not intended for manual editing.
registry = "test"

[[package]]
name = "evaera/promise"
version = "4.0.0"
dependencies = []

[[package]]
name = "ffrostflame/bridgenet"
version = "1.7.5"
dependencies = [["GoodSignal", "stravant/goodsignal@0.2.1"], ["Promise", "evaera/promise@4.0.0"]]

[[package]]
name = "stravant/goodsignal"
version = "0.2.1"
dependencies = []
